
Microsoft Visual Studio Solution File, Format Version 12.00
# Visual Studio Version 17
VisualStudioVersion = 17.4.33110.190
MinimumVisualStudioVersion = 10.0.40219.1
Project("{FAE04EC0-301F-11D3-BF4B-00C04F79EFBC}") = "Player rolls the dice", "Player rolls the dice.csproj", "{8AD3FB59-6DAF-48BC-9484-6AD0B2296720}"
EndProject
Global
	GlobalSection(SolutionConfigurationPlatforms) = preSolution
		Debug|Any CPU = Debug|Any CPU
		Release|Any CPU = Release|Any CPU
	EndGlobalSection
	GlobalSection(ProjectConfigurationPlatforms) = postSolution
		{8AD3FB59-6DAF-48BC-9484-6AD0B2296720}.Debug|Any CPU.ActiveCfg = Debug|Any CPU
		{8AD3FB59-6DAF-48BC-9484-6AD0B2296720}.Debug|Any CPU.Build.0 = Debug|Any CPU
		{8AD3FB59-6DAF-48BC-9484-6AD0B2296720}.Release|Any CPU.ActiveCfg = Release|Any CPU
		{8AD3FB59-6DAF-48BC-9484-6AD0B2296720}.Release|Any CPU.Build.0 = Release|Any CPU
	EndGlobalSection
	GlobalSection(SolutionProperties) = preSolution
		HideSolutionNode = FALSE
	EndGlobalSection
	GlobalSection(ExtensibilityGlobals) = postSolution
		SolutionGuid = {F5594F8C-BF1B-4F78-ACD5-DA1CB0A1EAB6}
	EndGlobalSection
EndGlobal
